
Microsoft Visual Studio Solution File, Format Version 12.00
# Visual Studio 15
VisualStudioVersion = 15.0.26124.0
MinimumVisualStudioVersion = 15.0.26124.0
Project("{FAE04EC0-301F-11D3-BF4B-00C04F79EFBC}") = "Api", "Api\Api.csproj", "{1E1BB7B6-4230-4AAD-9B27-A5A10E472DB0}"
EndProject
Project("{FAE04EC0-301F-11D3-BF4B-00C04F79EFBC}") = "Entities", "Entities\Entities.csproj", "{DE64BD32-DD95-4CF0-8533-8669EC0AEA06}"
EndProject
Project("{FAE04EC0-301F-11D3-BF4B-00C04F79EFBC}") = "DataAccess", "DataAccess\DataAccess.csproj", "{57042B00-0F36-420D-8949-9D5674DEC9FD}"
EndProject
Project("{FAE04EC0-301F-11D3-BF4B-00C04F79EFBC}") = "Business", "Business\Business.csproj", "{9A116E34-265C-4D29-AD39-9B75C025C9F7}"
EndProject
Project("{FAE04EC0-301F-11D3-BF4B-00C04F79EFBC}") = "core", "Core\core.csproj", "{AD6DCD35-96A0-4B21-94EF-228A1999DF84}"
EndProject
Project("{FAE04EC0-301F-11D3-BF4B-00C04F79EFBC}") = "Business.Tests", "Business.Tests\Business.Tests.csproj", "{1DB49F20-7658-443D-B8E2-44AD55A14E17}"
EndProject
Global
	GlobalSection(SolutionConfigurationPlatforms) = preSolution
		Debug|Any CPU = Debug|Any CPU
		Debug|x64 = Debug|x64
		Debug|x86 = Debug|x86
		Release|Any CPU = Release|Any CPU
		Release|x64 = Release|x64
		Release|x86 = Release|x86
	EndGlobalSection
	GlobalSection(SolutionProperties) = preSolution
		HideSolutionNode = FALSE
	EndGlobalSection
	GlobalSection(ProjectConfigurationPlatforms) = postSolution
		{1E1BB7B6-4230-4AAD-9B27-A5A10E472DB0}.Debug|Any CPU.ActiveCfg = Debug|Any CPU
		{1E1BB7B6-4230-4AAD-9B27-A5A10E472DB0}.Debug|Any CPU.Build.0 = Debug|Any CPU
		{1E1BB7B6-4230-4AAD-9B27-A5A10E472DB0}.Debug|x64.ActiveCfg = Debug|Any CPU
		{1E1BB7B6-4230-4AAD-9B27-A5A10E472DB0}.Debug|x64.Build.0 = Debug|Any CPU
		{1E1BB7B6-4230-4AAD-9B27-A5A10E472DB0}.Debug|x86.ActiveCfg = Debug|Any CPU
		{1E1BB7B6-4230-4AAD-9B27-A5A10E472DB0}.Debug|x86.Build.0 = Debug|Any CPU
		{1E1BB7B6-4230-4AAD-9B27-A5A10E472DB0}.Release|Any CPU.ActiveCfg = Release|Any CPU
		{1E1BB7B6-4230-4AAD-9B27-A5A10E472DB0}.Release|Any CPU.Build.0 = Release|Any CPU
		{1E1BB7B6-4230-4AAD-9B27-A5A10E472DB0}.Release|x64.ActiveCfg = Release|Any CPU
		{1E1BB7B6-4230-4AAD-9B27-A5A10E472DB0}.Release|x64.Build.0 = Release|Any CPU
		{1E1BB7B6-4230-4AAD-9B27-A5A10E472DB0}.Release|x86.ActiveCfg = Release|Any CPU
		{1E1BB7B6-4230-4AAD-9B27-A5A10E472DB0}.Release|x86.Build.0 = Release|Any CPU
		{DE64BD32-DD95-4CF0-8533-8669EC0AEA06}.Debug|Any CPU.ActiveCfg = Debug|Any CPU
		{DE64BD32-DD95-4CF0-8533-8669EC0AEA06}.Debug|Any CPU.Build.0 = Debug|Any CPU
		{DE64BD32-DD95-4CF0-8533-8669EC0AEA06}.Debug|x64.ActiveCfg = Debug|Any CPU
		{DE64BD32-DD95-4CF0-8533-8669EC0AEA06}.Debug|x64.Build.0 = Debug|Any CPU
		{DE64BD32-DD95-4CF0-8533-8669EC0AEA06}.Debug|x86.ActiveCfg = Debug|Any CPU
		{DE64BD32-DD95-4CF0-8533-8669EC0AEA06}.Debug|x86.Build.0 = Debug|Any CPU
		{DE64BD32-DD95-4CF0-8533-8669EC0AEA06}.Release|Any CPU.ActiveCfg = Release|Any CPU
		{DE64BD32-DD95-4CF0-8533-8669EC0AEA06}.Release|Any CPU.Build.0 = Release|Any CPU
		{DE64BD32-DD95-4CF0-8533-8669EC0AEA06}.Release|x64.ActiveCfg = Release|Any CPU
		{DE64BD32-DD95-4CF0-8533-8669EC0AEA06}.Release|x64.Build.0 = Release|Any CPU
		{DE64BD32-DD95-4CF0-8533-8669EC0AEA06}.Release|x86.ActiveCfg = Release|Any CPU
		{DE64BD32-DD95-4CF0-8533-8669EC0AEA06}.Release|x86.Build.0 = Release|Any CPU
		{57042B00-0F36-420D-8949-9D5674DEC9FD}.Debug|Any CPU.ActiveCfg = Debug|Any CPU
		{57042B00-0F36-420D-8949-9D5674DEC9FD}.Debug|Any CPU.Build.0 = Debug|Any CPU
		{57042B00-0F36-420D-8949-9D5674DEC9FD}.Debug|x64.ActiveCfg = Debug|Any CPU
		{57042B00-0F36-420D-8949-9D5674DEC9FD}.Debug|x64.Build.0 = Debug|Any CPU
		{57042B00-0F36-420D-8949-9D5674DEC9FD}.Debug|x86.ActiveCfg = Debug|Any CPU
		{57042B00-0F36-420D-8949-9D5674DEC9FD}.Debug|x86.Build.0 = Debug|Any CPU
		{57042B00-0F36-420D-8949-9D5674DEC9FD}.Release|Any CPU.ActiveCfg = Release|Any CPU
		{57042B00-0F36-420D-8949-9D5674DEC9FD}.Release|Any CPU.Build.0 = Release|Any CPU
		{57042B00-0F36-420D-8949-9D5674DEC9FD}.Release|x64.ActiveCfg = Release|Any CPU
		{57042B00-0F36-420D-8949-9D5674DEC9FD}.Release|x64.Build.0 = Release|Any CPU
		{57042B00-0F36-420D-8949-9D5674DEC9FD}.Release|x86.ActiveCfg = Release|Any CPU
		{57042B00-0F36-420D-8949-9D5674DEC9FD}.Release|x86.Build.0 = Release|Any CPU
		{9A116E34-265C-4D29-AD39-9B75C025C9F7}.Debug|Any CPU.ActiveCfg = Debug|Any CPU
		{9A116E34-265C-4D29-AD39-9B75C025C9F7}.Debug|Any CPU.Build.0 = Debug|Any CPU
		{9A116E34-265C-4D29-AD39-9B75C025C9F7}.Debug|x64.ActiveCfg = Debug|Any CPU
		{9A116E34-265C-4D29-AD39-9B75C025C9F7}.Debug|x64.Build.0 = Debug|Any CPU
		{9A116E34-265C-4D29-AD39-9B75C025C9F7}.Debug|x86.ActiveCfg = Debug|Any CPU
		{9A116E34-265C-4D29-AD39-9B75C025C9F7}.Debug|x86.Build.0 = Debug|Any CPU
		{9A116E34-265C-4D29-AD39-9B75C025C9F7}.Release|Any CPU.ActiveCfg = Release|Any CPU
		{9A116E34-265C-4D29-AD39-9B75C025C9F7}.Release|Any CPU.Build.0 = Release|Any CPU
		{9A116E34-265C-4D29-AD39-9B75C025C9F7}.Release|x64.ActiveCfg = Release|Any CPU
		{9A116E34-265C-4D29-AD39-9B75C025C9F7}.Release|x64.Build.0 = Release|Any CPU
		{9A116E34-265C-4D29-AD39-9B75C025C9F7}.Release|x86.ActiveCfg = Release|Any CPU
		{9A116E34-265C-4D29-AD39-9B75C025C9F7}.Release|x86.Build.0 = Release|Any CPU
		{AD6DCD35-96A0-4B21-94EF-228A1999DF84}.Debug|Any CPU.ActiveCfg = Debug|Any CPU
		{AD6DCD35-96A0-4B21-94EF-228A1999DF84}.Debug|Any CPU.Build.0 = Debug|Any CPU
		{AD6DCD35-96A0-4B21-94EF-228A1999DF84}.Debug|x64.ActiveCfg = Debug|Any CPU
		{AD6DCD35-96A0-4B21-94EF-228A1999DF84}.Debug|x64.Build.0 = Debug|Any CPU
		{AD6DCD35-96A0-4B21-94EF-228A1999DF84}.Debug|x86.ActiveCfg = Debug|Any CPU
		{AD6DCD35-96A0-4B21-94EF-228A1999DF84}.Debug|x86.Build.0 = Debug|Any CPU
		{AD6DCD35-96A0-4B21-94EF-228A1999DF84}.Release|Any CPU.ActiveCfg = Release|Any CPU
		{AD6DCD35-96A0-4B21-94EF-228A1999DF84}.Release|Any CPU.Build.0 = Release|Any CPU
		{AD6DCD35-96A0-4B21-94EF-228A1999DF84}.Release|x64.ActiveCfg = Release|Any CPU
		{AD6DCD35-96A0-4B21-94EF-228A1999DF84}.Release|x64.Build.0 = Release|Any CPU
		{AD6DCD35-96A0-4B21-94EF-228A1999DF84}.Release|x86.ActiveCfg = Release|Any CPU
		{AD6DCD35-96A0-4B21-94EF-228A1999DF84}.Release|x86.Build.0 = Release|Any CPU
		{1DB49F20-7658-443D-B8E2-44AD55A14E17}.Debug|Any CPU.ActiveCfg = Debug|Any CPU
		{1DB49F20-7658-443D-B8E2-44AD55A14E17}.Debug|Any CPU.Build.0 = Debug|Any CPU
		{1DB49F20-7658-443D-B8E2-44AD55A14E17}.Debug|x64.ActiveCfg = Debug|Any CPU
		{1DB49F20-7658-443D-B8E2-44AD55A14E17}.Debug|x64.Build.0 = Debug|Any CPU
		{1DB49F20-7658-443D-B8E2-44AD55A14E17}.Debug|x86.ActiveCfg = Debug|Any CPU
		{1DB49F20-7658-443D-B8E2-44AD55A14E17}.Debug|x86.Build.0 = Debug|Any CPU
		{1DB49F20-7658-443D-B8E2-44AD55A14E17}.Release|Any CPU.ActiveCfg = Release|Any CPU
		{1DB49F20-7658-443D-B8E2-44AD55A14E17}.Release|Any CPU.Build.0 = Release|Any CPU
		{1DB49F20-7658-443D-B8E2-44AD55A14E17}.Release|x64.ActiveCfg = Release|Any CPU
		{1DB49F20-7658-443D-B8E2-44AD55A14E17}.Release|x64.Build.0 = Release|Any CPU
		{1DB49F20-7658-443D-B8E2-44AD55A14E17}.Release|x86.ActiveCfg = Release|Any CPU
		{1DB49F20-7658-443D-B8E2-44AD55A14E17}.Release|x86.Build.0 = Release|Any CPU
	EndGlobalSection
EndGlobal
